
Microsoft Visual Studio Solution File, Format Version 12.00
# Visual Studio Version 17
VisualStudioVersion = 17.14.36408.4 d17.14
MinimumVisualStudioVersion = 10.0.40219.1
Project("{FAE04EC0-301F-11D3-BF4B-00C04F79EFBC}") = "WebApplication1", "WebApplication1\WebApplication1.csproj", "{238721EC-9AE2-4BF6-A23F-AF6C1D26DBAE}"
EndProject
Global
	GlobalSection(SolutionConfigurationPlatforms) = preSolution
		Debug|Any CPU = Debug|Any CPU
		Release|Any CPU = Release|Any CPU
	EndGlobalSection
	GlobalSection(ProjectConfigurationPlatforms) = postSolution
		{238721EC-9AE2-4BF6-A23F-AF6C1D26DBAE}.Debug|Any CPU.ActiveCfg = Debug|Any CPU
		{238721EC-9AE2-4BF6-A23F-AF6C1D26DBAE}.Debug|Any CPU.Build.0 = Debug|Any CPU
		{238721EC-9AE2-4BF6-A23F-AF6C1D26DBAE}.Release|Any CPU.ActiveCfg = Release|Any CPU
		{238721EC-9AE2-4BF6-A23F-AF6C1D26DBAE}.Release|Any CPU.Build.0 = Release|Any CPU
	EndGlobalSection
	GlobalSection(SolutionProperties) = preSolution
		HideSolutionNode = FALSE
	EndGlobalSection
	GlobalSection(ExtensibilityGlobals) = postSolution
		SolutionGuid = {99032163-2D08-4C92-A845-7B502DDDE472}
	EndGlobalSection
EndGlobal
